// !$*UTF8*$!
{
	archiveVersion = 1;
	classes = {
	};
	objectVersion = 46;
	objects = {

/* Begin PBXBuildFile section */
		F9A470F21DB84EE3005BCD68 /* main.m in Sources */ = {isa = PBXBuildFile; fileRef = F9A470F11DB84EE3005BCD68 /* main.m */; };
		F9A470F51DB84EE3005BCD68 /* AppDelegate.m in Sources */ = {isa = PBXBuildFile; fileRef = F9A470F41DB84EE3005BCD68 /* AppDelegate.m */; };
		F9A470F81DB84EE3005BCD68 /* ViewController.m in Sources */ = {isa = PBXBuildFile; fileRef = F9A470F71DB84EE3005BCD68 /* ViewController.m */; };
		F9A470FB1DB84EE3005BCD68 /* Main.storyboard in Resources */ = {isa = PBXBuildFile; fileRef = F9A470F91DB84EE3005BCD68 /* Main.storyboard */; };
		F9A470FD1DB84EE3005BCD68 /* Assets.xcassets in Resources */ = {isa = PBXBuildFile; fileRef = F9A470FC1DB84EE3005BCD68 /* Assets.xcassets */; };
		F9A471001DB84EE4005BCD68 /* LaunchScreen.storyboard in Resources */ = {isa = PBXBuildFile; fileRef = F9A470FE1DB84EE4005BCD68 /* LaunchScreen.storyboard */; };
		F9A4710B1DB84EE4005BCD68 /* RoadComplaintUITests.m in Sources */ = {isa = PBXBuildFile; fileRef = F9A4710A1DB84EE4005BCD68 /* RoadComplaintUITests.m */; };
		F9E800531DB8542100F41260 /* AVFoundation.framework in Frameworks */ = {isa = PBXBuildFile; fileRef = F9E800521DB8542100F41260 /* AVFoundation.framework */; };
		F9E800551DB8542700F41260 /* MobileCoreServices.framework in Frameworks */ = {isa = PBXBuildFile; fileRef = F9E800541DB8542700F41260 /* MobileCoreServices.framework */; };
/* End PBXBuildFile section */

/* Begin PBXContainerItemProxy section */
		F9A471071DB84EE4005BCD68 /* PBXContainerItemProxy */ = {
			isa = PBXContainerItemProxy;
			containerPortal = F9A470E51DB84EE3005BCD68 /* Project object */;
			proxyType = 1;
			remoteGlobalIDString = F9A470EC1DB84EE3005BCD68;
			remoteInfo = RoadComplaint;
		};
/* End PBXContainerItemProxy section */

/* Begin PBXFileReference section */
		F9A470ED1DB84EE3005BCD68 /* RoadComplaint.app */ = {isa = PBXFileReference; explicitFileType = wrapper.application; includeInIndex = 0; path = RoadComplaint.app; sourceTree = BUILT_PRODUCTS_DIR; };
		F9A470F11DB84EE3005BCD68 /* main.m */ = {isa = PBXFileReference; lastKnownFileType = sourcecode.c.objc; path = main.m; sourceTree = "<group>"; };
		F9A470F31DB84EE3005BCD68 /* AppDelegate.h */ = {isa = PBXFileReference; lastKnownFileType = sourcecode.c.h; path = AppDelegate.h; sourceTree = "<group>"; };
		F9A470F41DB84EE3005BCD68 /* AppDelegate.m */ = {isa = PBXFileReference; lastKnownFileType = sourcecode.c.objc; path = AppDelegate.m; sourceTree = "<group>"; };
		F9A470F61DB84EE3005BCD68 /* ViewController.h */ = {isa = PBXFileReference; lastKnownFileType = sourcecode.c.h; path = ViewController.h; sourceTree = "<group>"; };
		F9A470F71DB84EE3005BCD68 /* ViewController.m */ = {isa = PBXFileReference; lastKnownFileType = sourcecode.c.objc; path = ViewController.m; sourceTree = "<group>"; };
		F9A470FA1DB84EE3005BCD68 /* Base */ = {isa = PBXFileReference; lastKnownFileType = file.storyboard; name = Base; path = Base.lproj/Main.storyboard; sourceTree = "<group>"; };
		F9A470FC1DB84EE3005BCD68 /* Assets.xcassets */ = {isa = PBXFileReference; lastKnownFileType = folder.assetcatalog; path = Assets.xcassets; sourceTree = "<group>"; };
		F9A470FF1DB84EE4005BCD68 /* Base */ = {isa = PBXFileReference; lastKnownFileType = file.storyboard; name = Base; path = Base.lproj/LaunchScreen.storyboard; sourceTree = "<group>"; };
		F9A471011DB84EE4005BCD68 /* Info.plist */ = {isa = PBXFileReference; lastKnownFileType = text.plist.xml; path = Info.plist; sourceTree = "<group>"; };
		F9A471061DB84EE4005BCD68 /* RoadComplaintUITests.xctest */ = {isa = PBXFileReference; explicitFileType = wrapper.cfbundle; includeInIndex = 0; path = RoadComplaintUITests.xctest; sourceTree = BUILT_PRODUCTS_DIR; };
		F9A4710A1DB84EE4005BCD68 /* RoadComplaintUITests.m */ = {isa = PBXFileReference; lastKnownFileType = sourcecode.c.objc; path = RoadComplaintUITests.m; sourceTree = "<group>"; };
		F9A4710C1DB84EE4005BCD68 /* Info.plist */ = {isa = PBXFileReference; lastKnownFileType = text.plist.xml; path = Info.plist; sourceTree = "<group>"; };
		F9E800521DB8542100F41260 /* AVFoundation.framework */ = {isa = PBXFileReference; lastKnownFileType = wrapper.framework; name = AVFoundation.framework; path = System/Library/Frameworks/AVFoundation.framework; sourceTree = SDKROOT; };
		F9E800541DB8542700F41260 /* MobileCoreServices.framework */ = {isa = PBXFileReference; lastKnownFileType = wrapper.framework; name = MobileCoreServices.framework; path = System/Library/Frameworks/MobileCoreServices.framework; sourceTree = SDKROOT; };
/* End PBXFileReference section */

/* Begin PBXFrameworksBuildPhase section */
		F9A470EA1DB84EE3005BCD68 /* Frameworks */ = {
			isa = PBXFrameworksBuildPhase;
			buildActionMask = 2147483647;
			files = (
				F9E800551DB8542700F41260 /* MobileCoreServices.framework in Frameworks */,
				F9E800531DB8542100F41260 /* AVFoundation.framework in Frameworks */,
			);
			runOnlyForDeploymentPostprocessing = 0;
		};
		F9A471031DB84EE4005BCD68 /* Frameworks */ = {
			isa = PBXFrameworksBuildPhase;
			buildActionMask = 2147483647;
			files = (
			);
			runOnlyForDeploymentPostprocessing = 0;
		};
/* End PBXFrameworksBuildPhase section */

/* Begin PBXGroup section */
		F9A470E41DB84EE3005BCD68 = {
			isa = PBXGroup;
			children = (
				F9A470EF1DB84EE3005BCD68 /* RoadComplaint */,
				F9A471091DB84EE4005BCD68 /* RoadComplaintUITests */,
				F9A470EE1DB84EE3005BCD68 /* Products */,
				F9E800511DB8542100F41260 /* Frameworks */,
			);
			sourceTree = "<group>";
		};
		F9A470EE1DB84EE3005BCD68 /* Products */ = {
			isa = PBXGroup;
			children = (
				F9A470ED1DB84EE3005BCD68 /* RoadComplaint.app */,
				F9A471061DB84EE4005BCD68 /* RoadComplaintUITests.xctest */,
			);
			name = Products;
			sourceTree = "<group>";
		};
		F9A470EF1DB84EE3005BCD68 /* RoadComplaint */ = {
			isa = PBXGroup;
			children = (
				F9A470F31DB84EE3005BCD68 /* AppDelegate.h */,
				F9A470F41DB84EE3005BCD68 /* AppDelegate.m */,
				F9A470F61DB84EE3005BCD68 /* ViewController.h */,
				F9A470F71DB84EE3005BCD68 /* ViewController.m */,
				F9A470F91DB84EE3005BCD68 /* Main.storyboard */,
				F9A470FC1DB84EE3005BCD68 /* Assets.xcassets */,
				F9A470FE1DB84EE4005BCD68 /* LaunchScreen.storyboard */,
				F9A471011DB84EE4005BCD68 /* Info.plist */,
				F9A470F01DB84EE3005BCD68 /* Supporting Files */,
			);
			path = RoadComplaint;
			sourceTree = "<group>";
		};
		F9A470F01DB84EE3005BCD68 /* Supporting Files */ = {
			isa = PBXGroup;
			children = (
				F9A470F11DB84EE3005BCD68 /* main.m */,
			);
			name = "Supporting Files";
			sourceTree = "<group>";
		};
		F9A471091DB84EE4005BCD68 /* RoadComplaintUITests */ = {
			isa = PBXGroup;
			children = (
				F9A4710A1DB84EE4005BCD68 /* RoadComplaintUITests.m */,
				F9A4710C1DB84EE4005BCD68 /* Info.plist */,
			);
			path = RoadComplaintUITests;
			sourceTree = "<group>";
		};
		F9E800511DB8542100F41260 /* Frameworks */ = {
			isa = PBXGroup;
			children = (
				F9E800541DB8542700F41260 /* MobileCoreServices.framework */,
				F9E800521DB8542100F41260 /* AVFoundation.framework */,
			);
			name = Frameworks;
			sourceTree = "<group>";
		};
/* End PBXGroup section */

/* Begin PBXNativeTarget section */
		F9A470EC1DB84EE3005BCD68 /* RoadComplaint */ = {
			isa = PBXNativeTarget;
			buildConfigurationList = F9A4710F1DB84EE4005BCD68 /* Build configuration list for PBXNativeTarget "RoadComplaint" */;
			buildPhases = (
				F9A470E91DB84EE3005BCD68 /* Sources */,
				F9A470EA1DB84EE3005BCD68 /* Frameworks */,
				F9A470EB1DB84EE3005BCD68 /* Resources */,
			);
			buildRules = (
			);
			dependencies = (
			);
			name = RoadComplaint;
			productName = RoadComplaint;
			productReference = F9A470ED1DB84EE3005BCD68 /* RoadComplaint.app */;
			productType = "com.apple.product-type.application";
		};
		F9A471051DB84EE4005BCD68 /* RoadComplaintUITests */ = {
			isa = PBXNativeTarget;
			buildConfigurationList = F9A471121DB84EE4005BCD68 /* Build configuration list for PBXNativeTarget "RoadComplaintUITests" */;
			buildPhases = (
				F9A471021DB84EE4005BCD68 /* Sources */,
				F9A471031DB84EE4005BCD68 /* Frameworks */,
				F9A471041DB84EE4005BCD68 /* Resources */,
			);
			buildRules = (
			);
			dependencies = (
				F9A471081DB84EE4005BCD68 /* PBXTargetDependency */,
			);
			name = RoadComplaintUITests;
			productName = RoadComplaintUITests;
			productReference = F9A471061DB84EE4005BCD68 /* RoadComplaintUITests.xctest */;
			productType = "com.apple.product-type.bundle.ui-testing";
		};
/* End PBXNativeTarget section */

/* Begin PBXProject section */
		F9A470E51DB84EE3005BCD68 /* Project object */ = {
			isa = PBXProject;
			attributes = {
				LastUpgradeCheck = 0800;
				ORGANIZATIONNAME = "Dayananda Ampapathina";
				TargetAttributes = {
					F9A470EC1DB84EE3005BCD68 = {
						CreatedOnToolsVersion = 8.0;
						DevelopmentTeam = ESNM2KNGRR;
						ProvisioningStyle = Automatic;
					};
					F9A471051DB84EE4005BCD68 = {
						CreatedOnToolsVersion = 8.0;
						DevelopmentTeam = ESNM2KNGRR;
						ProvisioningStyle = Automatic;
						TestTargetID = F9A470EC1DB84EE3005BCD68;
					};
				};
			};
			buildConfigurationList = F9A470E81DB84EE3005BCD68 /* Build configuration list for PBXProject "RoadComplaint" */;
			compatibilityVersion = "Xcode 3.2";
			developmentRegion = English;
			hasScannedForEncodings = 0;
			knownRegions = (
				en,
				Base,
			);
			mainGroup = F9A470E41DB84EE3005BCD68;
			productRefGroup = F9A470EE1DB84EE3005BCD68 /* Products */;
			projectDirPath = "";
			projectRoot = "";
			targets = (
				F9A470EC1DB84EE3005BCD68 /* RoadComplaint */,
				F9A471051DB84EE4005BCD68 /* RoadComplaintUITests */,
			);
		};
/* End PBXProject section */

/* Begin PBXResourcesBuildPhase section */
		F9A470EB1DB84EE3005BCD68 /* Resources */ = {
			isa = PBXResourcesBuildPhase;
			buildActionMask = 2147483647;
			files = (
				F9A471001DB84EE4005BCD68 /* LaunchScreen.storyboard in Resources */,
				F9A470FD1DB84EE3005BCD68 /* Assets.xcassets in Resources */,
				F9A470FB1DB84EE3005BCD68 /* Main.storyboard in Resources */,
			);
			runOnlyForDeploymentPostprocessing = 0;
		};
		F9A471041DB84EE4005BCD68 /* Resources */ = {
			isa = PBXResourcesBuildPhase;
			buildActionMask = 2147483647;
			files = (
			);
			runOnlyForDeploymentPostprocessing = 0;
		};
/* End PBXResourcesBuildPhase section */

/* Begin PBXSourcesBuildPhase section */
		F9A470E91DB84EE3005BCD68 /* Sources */ = {
			isa = PBXSourcesBuildPhase;
			buildActionMask = 2147483647;
			files = (
				F9A470F81DB84EE3005BCD68 /* ViewController.m in Sources */,
				F9A470F51DB84EE3005BCD68 /* AppDelegate.m in Sources */,
				F9A470F21DB84EE3005BCD68 /* main.m in Sources */,
			);
			runOnlyForDeploymentPostprocessing = 0;
		};
		F9A471021DB84EE4005BCD68 /* Sources */ = {
			isa = PBXSourcesBuildPhase;
			buildActionMask = 2147483647;
			files = (
				F9A4710B1DB84EE4005BCD68 /* RoadComplaintUITests.m in Sources */,
			);
			runOnlyForDeploymentPostprocessing = 0;
		};
/* End PBXSourcesBuildPhase section */

/* Begin PBXTargetDependency section */
		F9A471081DB84EE4005BCD68 /* PBXTargetDependency */ = {
			isa = PBXTargetDependency;
			target = F9A470EC1DB84EE3005BCD68 /* RoadComplaint */;
			targetProxy = F9A471071DB84EE4005BCD68 /* PBXContainerItemProxy */;
		};
/* End PBXTargetDependency section */

/* Begin PBXVariantGroup section */
		F9A470F91DB84EE3005BCD68 /* Main.storyboard */ = {
			isa = PBXVariantGroup;
			children = (
				F9A470FA1DB84EE3005BCD68 /* Base */,
			);
			name = Main.storyboard;
			sourceTree = "<group>";
		};
		F9A470FE1DB84EE4005BCD68 /* LaunchScreen.storyboard */ = {
			isa = PBXVariantGroup;
			children = (
				F9A470FF1DB84EE4005BCD68 /* Base */,
			);
			name = LaunchScreen.storyboard;
			sourceTree = "<group>";
		};
/* End PBXVariantGroup section */

/* Begin XCBuildConfiguration section */
		F9A4710D1DB84EE4005BCD68 /* Debug */ = {
			isa = XCBuildConfiguration;
			buildSettings = {
				ALWAYS_SEARCH_USER_PATHS = NO;
				CLANG_ANALYZER_NONNULL = YES;
				CLANG_CXX_LANGUAGE_STANDARD = "gnu++0x";
				CLANG_CXX_LIBRARY = "libc++";
				CLANG_ENABLE_MODULES = YES;
				CLANG_ENABLE_OBJC_ARC = YES;
				CLANG_WARN_BOOL_CONVERSION = YES;
				CLANG_WARN_CONSTANT_CONVERSION = YES;
				CLANG_WARN_DIRECT_OBJC_ISA_USAGE = YES_ERROR;
				CLANG_WARN_DOCUMENTATION_COMMENTS = YES;
				CLANG_WARN_EMPTY_BODY = YES;
				CLANG_WARN_ENUM_CONVERSION = YES;
				CLANG_WARN_INFINITE_RECURSION = YES;
				CLANG_WARN_INT_CONVERSION = YES;
				CLANG_WARN_OBJC_ROOT_CLASS = YES_ERROR;
				CLANG_WARN_SUSPICIOUS_MOVES = YES;
				CLANG_WARN_UNREACHABLE_CODE = YES;
				CLANG_WARN__DUPLICATE_METHOD_MATCH = YES;
				"CODE_SIGN_IDENTITY[sdk=iphoneos*]" = "iPhone Developer";
				COPY_PHASE_STRIP = NO;
				DEBUG_INFORMATION_FORMAT = dwarf;
				ENABLE_STRICT_OBJC_MSGSEND = YES;
				ENABLE_TESTABILITY = YES;
				GCC_C_LANGUAGE_STANDARD = gnu99;
				GCC_DYNAMIC_NO_PIC = NO;
				GCC_NO_COMMON_BLOCKS = YES;
				GCC_OPTIMIZATION_LEVEL = 0;
				GCC_PREPROCESSOR_DEFINITIONS = (
					"DEBUG=1",
					"$(inherited)",
				);
				GCC_WARN_64_TO_32_BIT_CONVERSION = YES;
				GCC_WARN_ABOUT_RETURN_TYPE = YES_ERROR;
				GCC_WARN_UNDECLARED_SELECTOR = YES;
				GCC_WARN_UNINITIALIZED_AUTOS = YES_AGGRESSIVE;
				GCC_WARN_UNUSED_FUNCTION = YES;
				GCC_WARN_UNUSED_VARIABLE = YES;
				IPHONEOS_DEPLOYMENT_TARGET = 10.0;
				MTL_ENABLE_DEBUG_INFO = YES;
				ONLY_ACTIVE_ARCH = YES;
				SDKROOT = iphoneos;
				TARGETED_DEVICE_FAMILY = "1,2";
			};
			name = Debug;
		};
		F9A4710E1DB84EE4005BCD68 /* Release */ = {
			isa = XCBuildConfiguration;
			buildSettings = {
				ALWAYS_SEARCH_USER_PATHS = NO;
				CLANG_ANALYZER_NONNULL = YES;
				CLANG_CXX_LANGUAGE_STANDARD = "gnu++0x";
				CLANG_CXX_LIBRARY = "libc++";
				CLANG_ENABLE_MODULES = YES;
				CLANG_ENABLE_OBJC_ARC = YES;
				CLANG_WARN_BOOL_CONVERSION = YES;
				CLANG_WARN_CONSTANT_CONVERSION = YES;
				CLANG_WARN_DIRECT_OBJC_ISA_USAGE = YES_ERROR;
				CLANG_WARN_DOCUMENTATION_COMMENTS = YES;
				CLANG_WARN_EMPTY_BODY = YES;
				CLANG_WARN_ENUM_CONVERSION = YES;
				CLANG_WARN_INFINITE_RECURSION = YES;
				CLANG_WARN_INT_CONVERSION = YES;
				CLANG_WARN_OBJC_ROOT_CLASS = YES_ERROR;
				CLANG_WARN_SUSPICIOUS_MOVES = YES;
				CLANG_WARN_UNREACHABLE_CODE = YES;
				CLANG_WARN__DUPLICATE_METHOD_MATCH = YES;
				"CODE_SIGN_IDENTITY[sdk=iphoneos*]" = "iPhone Developer";
				COPY_PHASE_STRIP = NO;
				DEBUG_INFORMATION_FORMAT = "dwarf-with-dsym";
				ENABLE_NS_ASSERTIONS = NO;
				ENABLE_STRICT_OBJC_MSGSEND = YES;
				GCC_C_LANGUAGE_STANDARD = gnu99;
				GCC_NO_COMMON_BLOCKS = YES;
				GCC_WARN_64_TO_32_BIT_CONVERSION = YES;
				GCC_WARN_ABOUT_RETURN_TYPE = YES_ERROR;
				GCC_WARN_UNDECLARED_SELECTOR = YES;
				GCC_WARN_UNINITIALIZED_AUTOS = YES_AGGRESSIVE;
				GCC_WARN_UNUSED_FUNCTION = YES;
				GCC_WARN_UNUSED_VARIABLE = YES;
				IPHONEOS_DEPLOYMENT_TARGET = 10.0;
				MTL_ENABLE_DEBUG_INFO = NO;
				SDKROOT = iphoneos;
				TARGETED_DEVICE_FAMILY = "1,2";
				VALIDATE_PRODUCT = YES;
			};
			name = Release;
		};
		F9A471101DB84EE4005BCD68 /* Debug */ = {
			isa = XCBuildConfiguration;
			buildSettings = {
				ASSETCATALOG_COMPILER_APPICON_NAME = AppIcon;
				DEVELOPMENT_TEAM = ESNM2KNGRR;
				INFOPLIST_FILE = RoadComplaint/Info.plist;
				LD_RUNPATH_SEARCH_PATHS = "$(inherited) @executable_path/Frameworks";
				PRODUCT_BUNDLE_IDENTIFIER = com.example.RoadComplaint;
				PRODUCT_NAME = "$(TARGET_NAME)";
			};
			name = Debug;
		};
		F9A471111DB84EE4005BCD68 /* Release */ = {
			isa = XCBuildConfiguration;
			buildSettings = {
				ASSETCATALOG_COMPILER_APPICON_NAME = AppIcon;
				DEVELOPMENT_TEAM = ESNM2KNGRR;
				INFOPLIST_FILE = RoadComplaint/Info.plist;
				LD_RUNPATH_SEARCH_PATHS = "$(inherited) @executable_path/Frameworks";
				PRODUCT_BUNDLE_IDENTIFIER = com.example.RoadComplaint;
				PRODUCT_NAME = "$(TARGET_NAME)";
			};
			name = Release;
		};
		F9A471131DB84EE4005BCD68 /* Debug */ = {
			isa = XCBuildConfiguration;
			buildSettings = {
				DEVELOPMENT_TEAM = ESNM2KNGRR;
				INFOPLIST_FILE = RoadComplaintUITests/Info.plist;
				LD_RUNPATH_SEARCH_PATHS = "$(inherited) @executable_path/Frameworks @loader_path/Frameworks";
				PRODUCT_BUNDLE_IDENTIFIER = com.example.RoadComplaintUITests;
				PRODUCT_NAME = "$(TARGET_NAME)";
				TEST_TARGET_NAME = RoadComplaint;
			};
			name = Debug;
		};
		F9A471141DB84EE4005BCD68 /* Release */ = {
			isa = XCBuildConfiguration;
			buildSettings = {
				DEVELOPMENT_TEAM = ESNM2KNGRR;
				INFOPLIST_FILE = RoadComplaintUITests/Info.plist;
				LD_RUNPATH_SEARCH_PATHS = "$(inherited) @executable_path/Frameworks @loader_path/Frameworks";
				PRODUCT_BUNDLE_IDENTIFIER = com.example.RoadComplaintUITests;
				PRODUCT_NAME = "$(TARGET_NAME)";
				TEST_TARGET_NAME = RoadComplaint;
			};
			name = Release;
		};
/* End XCBuildConfiguration section */

/* Begin XCConfigurationList section */
		F9A470E81DB84EE3005BCD68 /* Build configuration list for PBXProject "RoadComplaint" */ = {
			isa = XCConfigurationList;
			buildConfigurations = (
				F9A4710D1DB84EE4005BCD68 /* Debug */,
				F9A4710E1DB84EE4005BCD68 /* Release */,
			);
			defaultConfigurationIsVisible = 0;
			defaultConfigurationName = Release;
		};
		F9A4710F1DB84EE4005BCD68 /* Build configuration list for PBXNativeTarget "RoadComplaint" */ = {
			isa = XCConfigurationList;
			buildConfigurations = (
				F9A471101DB84EE4005BCD68 /* Debug */,
				F9A471111DB84EE4005BCD68 /* Release */,
			);
			defaultConfigurationIsVisible = 0;
			defaultConfigurationName = Release;
		};
		F9A471121DB84EE4005BCD68 /* Build configuration list for PBXNativeTarget "RoadComplaintUITests" */ = {
			isa = XCConfigurationList;
			buildConfigurations = (
				F9A471131DB84EE4005BCD68 /* Debug */,
				F9A471141DB84EE4005BCD68 /* Release */,
			);
			defaultConfigurationIsVisible = 0;
			defaultConfigurationName = Release;
		};
/* End XCConfigurationList section */
	};
	rootObject = F9A470E51DB84EE3005BCD68 /* Project object */;
}
